// !$*UTF8*$!
{
	archiveVersion = 1;
	classes = {
	};
	objectVersion = 50;
	objects = {

/* Begin PBXBuildFile section */
		7CAF0429260568BB007EE88B /* AppDelegate.swift in Sources */ = {isa = PBXBuildFile; fileRef = 7CAF0428260568BB007EE88B /* AppDelegate.swift */; };
		7CAF042B260568BB007EE88B /* SceneDelegate.swift in Sources */ = {isa = PBXBuildFile; fileRef = 7CAF042A260568BB007EE88B /* SceneDelegate.swift */; };
		7CAF042D260568BB007EE88B /* ViewController.swift in Sources */ = {isa = PBXBuildFile; fileRef = 7CAF042C260568BB007EE88B /* ViewController.swift */; };
		7CAF0430260568BB007EE88B /* Main.storyboard in Resources */ = {isa = PBXBuildFile; fileRef = 7CAF042E260568BB007EE88B /* Main.storyboard */; };
		7CAF0432260568BF007EE88B /* Assets.xcassets in Resources */ = {isa = PBXBuildFile; fileRef = 7CAF0431260568BF007EE88B /* Assets.xcassets */; };
		7CAF0435260568BF007EE88B /* LaunchScreen.storyboard in Resources */ = {isa = PBXBuildFile; fileRef = 7CAF0433260568BF007EE88B /* LaunchScreen.storyboard */; };
		7CAF043E2608EBD1007EE88B /* Viagem.swift in Sources */ = {isa = PBXBuildFile; fileRef = 7CAF043D2608EBD1007EE88B /* Viagem.swift */; };
		7CAF04452608FF27007EE88B /* TableViewCell.swift in Sources */ = {isa = PBXBuildFile; fileRef = 7CAF04442608FF27007EE88B /* TableViewCell.swift */; };
		7CAF045C26094BD6007EE88B /* ViagemDAO.swift in Sources */ = {isa = PBXBuildFile; fileRef = 7CAF045B26094BD6007EE88B /* ViagemDAO.swift */; };
		7CAF0468260AD1D1007EE88B /* Assets in Resources */ = {isa = PBXBuildFile; fileRef = 7CAF0467260AD1D1007EE88B /* Assets */; };
/* End PBXBuildFile section */

/* Begin PBXFileReference section */
		7CAF0425260568BB007EE88B /* Viajapp.app */ = {isa = PBXFileReference; explicitFileType = wrapper.application; includeInIndex = 0; path = Viajapp.app; sourceTree = BUILT_PRODUCTS_DIR; };
		7CAF0428260568BB007EE88B /* AppDelegate.swift */ = {isa = PBXFileReference; lastKnownFileType = sourcecode.swift; path = AppDelegate.swift; sourceTree = "<group>"; };
		7CAF042A260568BB007EE88B /* SceneDelegate.swift */ = {isa = PBXFileReference; lastKnownFileType = sourcecode.swift; path = SceneDelegate.swift; sourceTree = "<group>"; };
		7CAF042C260568BB007EE88B /* ViewController.swift */ = {isa = PBXFileReference; lastKnownFileType = sourcecode.swift; path = ViewController.swift; sourceTree = "<group>"; };
		7CAF042F260568BB007EE88B /* Base */ = {isa = PBXFileReference; lastKnownFileType = file.storyboard; name = Base; path = Base.lproj/Main.storyboard; sourceTree = "<group>"; };
		7CAF0431260568BF007EE88B /* Assets.xcassets */ = {isa = PBXFileReference; lastKnownFileType = folder.assetcatalog; path = Assets.xcassets; sourceTree = "<group>"; };
		7CAF0434260568BF007EE88B /* Base */ = {isa = PBXFileReference; lastKnownFileType = file.storyboard; name = Base; path = Base.lproj/LaunchScreen.storyboard; sourceTree = "<group>"; };
		7CAF0436260568BF007EE88B /* Info.plist */ = {isa = PBXFileReference; lastKnownFileType = text.plist.xml; path = Info.plist; sourceTree = "<group>"; };
		7CAF043D2608EBD1007EE88B /* Viagem.swift */ = {isa = PBXFileReference; lastKnownFileType = sourcecode.swift; path = Viagem.swift; sourceTree = "<group>"; };
		7CAF04442608FF27007EE88B /* TableViewCell.swift */ = {isa = PBXFileReference; lastKnownFileType = sourcecode.swift; path = TableViewCell.swift; sourceTree = "<group>"; };
		7CAF045B26094BD6007EE88B /* ViagemDAO.swift */ = {isa = PBXFileReference; fileEncoding = 4; lastKnownFileType = sourcecode.swift; name = ViagemDAO.swift; path = "../../../../Downloads/Arquivos Projeto/ViagemDAO.swift"; sourceTree = "<group>"; };
		7CAF045E26094C05007EE88B /* ViagemDAO.swift */ = {isa = PBXFileReference; lastKnownFileType = sourcecode.swift; name = ViagemDAO.swift; path = "../../../../../Downloads/Arquivos Projeto/ViagemDAO.swift"; sourceTree = "<group>"; };
		7CAF0467260AD1D1007EE88B /* Assets */ = {isa = PBXFileReference; lastKnownFileType = folder; name = Assets; path = "../../../../Downloads/Arquivos Projeto/Assets"; sourceTree = "<group>"; };
/* End PBXFileReference section */

/* Begin PBXFrameworksBuildPhase section */
		7CAF0422260568BB007EE88B /* Frameworks */ = {
			isa = PBXFrameworksBuildPhase;
			buildActionMask = 2147483647;
			files = (
			);
			runOnlyForDeploymentPostprocessing = 0;
		};
/* End PBXFrameworksBuildPhase section */

/* Begin PBXGroup section */
		7CAF041C260568BB007EE88B = {
			isa = PBXGroup;
			children = (
				7CAF0427260568BB007EE88B /* Viajapp */,
				7CAF0426260568BB007EE88B /* Products */,
			);
			sourceTree = "<group>";
		};
		7CAF0426260568BB007EE88B /* Products */ = {
			isa = PBXGroup;
			children = (
				7CAF0425260568BB007EE88B /* Viajapp.app */,
			);
			name = Products;
			sourceTree = "<group>";
		};
		7CAF0427260568BB007EE88B /* Viajapp */ = {
			isa = PBXGroup;
			children = (
				7CAF044C2609483C007EE88B /* Model */,
				7CAF044D26094857007EE88B /* Home */,
				7CAF0450260948BC007EE88B /* ViagemDAO */,
				7CAF042A260568BB007EE88B /* SceneDelegate.swift */,
				7CAF0428260568BB007EE88B /* AppDelegate.swift */,
				7CAF042E260568BB007EE88B /* Main.storyboard */,
				7CAF0431260568BF007EE88B /* Assets.xcassets */,
				7CAF0433260568BF007EE88B /* LaunchScreen.storyboard */,
				7CAF045B26094BD6007EE88B /* ViagemDAO.swift */,
				7CAF0436260568BF007EE88B /* Info.plist */,
				7CAF0467260AD1D1007EE88B /* Assets */,
			);
			path = Viajapp;
			sourceTree = "<group>";
		};
		7CAF044C2609483C007EE88B /* Model */ = {
			isa = PBXGroup;
			children = (
				7CAF043D2608EBD1007EE88B /* Viagem.swift */,
			);
			path = Model;
			sourceTree = "<group>";
		};
		7CAF044D26094857007EE88B /* Home */ = {
			isa = PBXGroup;
			children = (
				7CAF044F260948A2007EE88B /* View */,
				7CAF044E26094890007EE88B /* Controller */,
			);
			path = Home;
			sourceTree = "<group>";
		};
		7CAF044E26094890007EE88B /* Controller */ = {
			isa = PBXGroup;
			children = (
				7CAF042C260568BB007EE88B /* ViewController.swift */,
			);
			path = Controller;
			sourceTree = "<group>";
		};
		7CAF044F260948A2007EE88B /* View */ = {
			isa = PBXGroup;
			children = (
				7CAF04442608FF27007EE88B /* TableViewCell.swift */,
			);
			path = View;
			sourceTree = "<group>";
		};
		7CAF0450260948BC007EE88B /* ViagemDAO */ = {
			isa = PBXGroup;
			children = (
				7CAF045E26094C05007EE88B /* ViagemDAO.swift */,
			);
			path = ViagemDAO;
			sourceTree = "<group>";
		};
/* End PBXGroup section */

/* Begin PBXNativeTarget section */
		7CAF0424260568BB007EE88B /* Viajapp */ = {
			isa = PBXNativeTarget;
			buildConfigurationList = 7CAF0439260568BF007EE88B /* Build configuration list for PBXNativeTarget "Viajapp" */;
			buildPhases = (
				7CAF0421260568BB007EE88B /* Sources */,
				7CAF0422260568BB007EE88B /* Frameworks */,
				7CAF0423260568BB007EE88B /* Resources */,
			);
			buildRules = (
			);
			dependencies = (
			);
			name = Viajapp;
			productName = Viajapp;
			productReference = 7CAF0425260568BB007EE88B /* Viajapp.app */;
			productType = "com.apple.product-type.application";
		};
/* End PBXNativeTarget section */

/* Begin PBXProject section */
		7CAF041D260568BB007EE88B /* Project object */ = {
			isa = PBXProject;
			attributes = {
				LastSwiftUpdateCheck = 1230;
				LastUpgradeCheck = 1230;
				TargetAttributes = {
					7CAF0424260568BB007EE88B = {
						CreatedOnToolsVersion = 12.3;
					};
				};
			};
			buildConfigurationList = 7CAF0420260568BB007EE88B /* Build configuration list for PBXProject "Viajapp" */;
			compatibilityVersion = "Xcode 9.3";
			developmentRegion = en;
			hasScannedForEncodings = 0;
			knownRegions = (
				en,
				Base,
			);
			mainGroup = 7CAF041C260568BB007EE88B;
			productRefGroup = 7CAF0426260568BB007EE88B /* Products */;
			projectDirPath = "";
			projectRoot = "";
			targets = (
				7CAF0424260568BB007EE88B /* Viajapp */,
			);
		};
/* End PBXProject section */

/* Begin PBXResourcesBuildPhase section */
		7CAF0423260568BB007EE88B /* Resources */ = {
			isa = PBXResourcesBuildPhase;
			buildActionMask = 2147483647;
			files = (
				7CAF0435260568BF007EE88B /* LaunchScreen.storyboard in Resources */,
				7CAF0468260AD1D1007EE88B /* Assets in Resources */,
				7CAF0432260568BF007EE88B /* Assets.xcassets in Resources */,
				7CAF0430260568BB007EE88B /* Main.storyboard in Resources */,
			);
			runOnlyForDeploymentPostprocessing = 0;
		};
/* End PBXResourcesBuildPhase section */

/* Begin PBXSourcesBuildPhase section */
		7CAF0421260568BB007EE88B /* Sources */ = {
			isa = PBXSourcesBuildPhase;
			buildActionMask = 2147483647;
			files = (
				7CAF043E2608EBD1007EE88B /* Viagem.swift in Sources */,
				7CAF042D260568BB007EE88B /* ViewController.swift in Sources */,
				7CAF04452608FF27007EE88B /* TableViewCell.swift in Sources */,
				7CAF045C26094BD6007EE88B /* ViagemDAO.swift in Sources */,
				7CAF0429260568BB007EE88B /* AppDelegate.swift in Sources */,
				7CAF042B260568BB007EE88B /* SceneDelegate.swift in Sources */,
			);
			runOnlyForDeploymentPostprocessing = 0;
		};
/* End PBXSourcesBuildPhase section */

/* Begin PBXVariantGroup section */
		7CAF042E260568BB007EE88B /* Main.storyboard */ = {
			isa = PBXVariantGroup;
			children = (
				7CAF042F260568BB007EE88B /* Base */,
			);
			name = Main.storyboard;
			sourceTree = "<group>";
		};
		7CAF0433260568BF007EE88B /* LaunchScreen.storyboard */ = {
			isa = PBXVariantGroup;
			children = (
				7CAF0434260568BF007EE88B /* Base */,
			);
			name = LaunchScreen.storyboard;
			sourceTree = "<group>";
		};
/* End PBXVariantGroup section */

/* Begin XCBuildConfiguration section */
		7CAF0437260568BF007EE88B /* Debug */ = {
			isa = XCBuildConfiguration;
			buildSettings = {
				ALWAYS_SEARCH_USER_PATHS = NO;
				CLANG_ANALYZER_NONNULL = YES;
				CLANG_ANALYZER_NUMBER_OBJECT_CONVERSION = YES_AGGRESSIVE;
				CLANG_CXX_LANGUAGE_STANDARD = "gnu++14";
				CLANG_CXX_LIBRARY = "libc++";
				CLANG_ENABLE_MODULES = YES;
				CLANG_ENABLE_OBJC_ARC = YES;
				CLANG_ENABLE_OBJC_WEAK = YES;
				CLANG_WARN_BLOCK_CAPTURE_AUTORELEASING = YES;
				CLANG_WARN_BOOL_CONVERSION = YES;
				CLANG_WARN_COMMA = YES;
				CLANG_WARN_CONSTANT_CONVERSION = YES;
				CLANG_WARN_DEPRECATED_OBJC_IMPLEMENTATIONS = YES;
				CLANG_WARN_DIRECT_OBJC_ISA_USAGE = YES_ERROR;
				CLANG_WARN_DOCUMENTATION_COMMENTS = YES;
				CLANG_WARN_EMPTY_BODY = YES;
				CLANG_WARN_ENUM_CONVERSION = YES;
				CLANG_WARN_INFINITE_RECURSION = YES;
				CLANG_WARN_INT_CONVERSION = YES;
				CLANG_WARN_NON_LITERAL_NULL_CONVERSION = YES;
				CLANG_WARN_OBJC_IMPLICIT_RETAIN_SELF = YES;
				CLANG_WARN_OBJC_LITERAL_CONVERSION = YES;
				CLANG_WARN_OBJC_ROOT_CLASS = YES_ERROR;
				CLANG_WARN_QUOTED_INCLUDE_IN_FRAMEWORK_HEADER = YES;
				CLANG_WARN_RANGE_LOOP_ANALYSIS = YES;
				CLANG_WARN_STRICT_PROTOTYPES = YES;
				CLANG_WARN_SUSPICIOUS_MOVE = YES;
				CLANG_WARN_UNGUARDED_AVAILABILITY = YES_AGGRESSIVE;
				CLANG_WARN_UNREACHABLE_CODE = YES;
				CLANG_WARN__DUPLICATE_METHOD_MATCH = YES;
				COPY_PHASE_STRIP = NO;
				DEBUG_INFORMATION_FORMAT = dwarf;
				ENABLE_STRICT_OBJC_MSGSEND = YES;
				ENABLE_TESTABILITY = YES;
				GCC_C_LANGUAGE_STANDARD = gnu11;
				GCC_DYNAMIC_NO_PIC = NO;
				GCC_NO_COMMON_BLOCKS = YES;
				GCC_OPTIMIZATION_LEVEL = 0;
				GCC_PREPROCESSOR_DEFINITIONS = (
					"DEBUG=1",
					"$(inherited)",
				);
				GCC_WARN_64_TO_32_BIT_CONVERSION = YES;
				GCC_WARN_ABOUT_RETURN_TYPE = YES_ERROR;
				GCC_WARN_UNDECLARED_SELECTOR = YES;
				GCC_WARN_UNINITIALIZED_AUTOS = YES_AGGRESSIVE;
				GCC_WARN_UNUSED_FUNCTION = YES;
				GCC_WARN_UNUSED_VARIABLE = YES;
				IPHONEOS_DEPLOYMENT_TARGET = 14.3;
				MTL_ENABLE_DEBUG_INFO = INCLUDE_SOURCE;
				MTL_FAST_MATH = YES;
				ONLY_ACTIVE_ARCH = YES;
				SDKROOT = iphoneos;
				SWIFT_ACTIVE_COMPILATION_CONDITIONS = DEBUG;
				SWIFT_OPTIMIZATION_LEVEL = "-Onone";
			};
			name = Debug;
		};
		7CAF0438260568BF007EE88B /* Release */ = {
			isa = XCBuildConfiguration;
			buildSettings = {
				ALWAYS_SEARCH_USER_PATHS = NO;
				CLANG_ANALYZER_NONNULL = YES;
				CLANG_ANALYZER_NUMBER_OBJECT_CONVERSION = YES_AGGRESSIVE;
				CLANG_CXX_LANGUAGE_STANDARD = "gnu++14";
				CLANG_CXX_LIBRARY = "libc++";
				CLANG_ENABLE_MODULES = YES;
				CLANG_ENABLE_OBJC_ARC = YES;
				CLANG_ENABLE_OBJC_WEAK = YES;
				CLANG_WARN_BLOCK_CAPTURE_AUTORELEASING = YES;
				CLANG_WARN_BOOL_CONVERSION = YES;
				CLANG_WARN_COMMA = YES;
				CLANG_WARN_CONSTANT_CONVERSION = YES;
				CLANG_WARN_DEPRECATED_OBJC_IMPLEMENTATIONS = YES;
				CLANG_WARN_DIRECT_OBJC_ISA_USAGE = YES_ERROR;
				CLANG_WARN_DOCUMENTATION_COMMENTS = YES;
				CLANG_WARN_EMPTY_BODY = YES;
				CLANG_WARN_ENUM_CONVERSION = YES;
				CLANG_WARN_INFINITE_RECURSION = YES;
				CLANG_WARN_INT_CONVERSION = YES;
				CLANG_WARN_NON_LITERAL_NULL_CONVERSION = YES;
				CLANG_WARN_OBJC_IMPLICIT_RETAIN_SELF = YES;
				CLANG_WARN_OBJC_LITERAL_CONVERSION = YES;
				CLANG_WARN_OBJC_ROOT_CLASS = YES_ERROR;
				CLANG_WARN_QUOTED_INCLUDE_IN_FRAMEWORK_HEADER = YES;
				CLANG_WARN_RANGE_LOOP_ANALYSIS = YES;
				CLANG_WARN_STRICT_PROTOTYPES = YES;
				CLANG_WARN_SUSPICIOUS_MOVE = YES;
				CLANG_WARN_UNGUARDED_AVAILABILITY = YES_AGGRESSIVE;
				CLANG_WARN_UNREACHABLE_CODE = YES;
				CLANG_WARN__DUPLICATE_METHOD_MATCH = YES;
				COPY_PHASE_STRIP = NO;
				DEBUG_INFORMATION_FORMAT = "dwarf-with-dsym";
				ENABLE_NS_ASSERTIONS = NO;
				ENABLE_STRICT_OBJC_MSGSEND = YES;
				GCC_C_LANGUAGE_STANDARD = gnu11;
				GCC_NO_COMMON_BLOCKS = YES;
				GCC_WARN_64_TO_32_BIT_CONVERSION = YES;
				GCC_WARN_ABOUT_RETURN_TYPE = YES_ERROR;
				GCC_WARN_UNDECLARED_SELECTOR = YES;
				GCC_WARN_UNINITIALIZED_AUTOS = YES_AGGRESSIVE;
				GCC_WARN_UNUSED_FUNCTION = YES;
				GCC_WARN_UNUSED_VARIABLE = YES;
				IPHONEOS_DEPLOYMENT_TARGET = 14.3;
				MTL_ENABLE_DEBUG_INFO = NO;
				MTL_FAST_MATH = YES;
				SDKROOT = iphoneos;
				SWIFT_COMPILATION_MODE = wholemodule;
				SWIFT_OPTIMIZATION_LEVEL = "-O";
				VALIDATE_PRODUCT = YES;
			};
			name = Release;
		};
		7CAF043A260568BF007EE88B /* Debug */ = {
			isa = XCBuildConfiguration;
			buildSettings = {
				ASSETCATALOG_COMPILER_APPICON_NAME = AppIcon;
				ASSETCATALOG_COMPILER_GLOBAL_ACCENT_COLOR_NAME = AccentColor;
				CODE_SIGN_STYLE = Automatic;
				DEVELOPMENT_TEAM = AVV8SQGPKL;
				INFOPLIST_FILE = Viajapp/Info.plist;
				LD_RUNPATH_SEARCH_PATHS = (
					"$(inherited)",
					"@executable_path/Frameworks",
				);
				PRODUCT_BUNDLE_IDENTIFIER = Jonboni.Viajapp;
				PRODUCT_NAME = "$(TARGET_NAME)";
				SWIFT_VERSION = 5.0;
				TARGETED_DEVICE_FAMILY = "1,2";
			};
			name = Debug;
		};
		7CAF043B260568BF007EE88B /* Release */ = {
			isa = XCBuildConfiguration;
			buildSettings = {
				ASSETCATALOG_COMPILER_APPICON_NAME = AppIcon;
				ASSETCATALOG_COMPILER_GLOBAL_ACCENT_COLOR_NAME = AccentColor;
				CODE_SIGN_STYLE = Automatic;
				DEVELOPMENT_TEAM = AVV8SQGPKL;
				INFOPLIST_FILE = Viajapp/Info.plist;
				LD_RUNPATH_SEARCH_PATHS = (
					"$(inherited)",
					"@executable_path/Frameworks",
				);
				PRODUCT_BUNDLE_IDENTIFIER = Jonboni.Viajapp;
				PRODUCT_NAME = "$(TARGET_NAME)";
				SWIFT_VERSION = 5.0;
				TARGETED_DEVICE_FAMILY = "1,2";
			};
			name = Release;
		};
/* End XCBuildConfiguration section */

/* Begin XCConfigurationList section */
		7CAF0420260568BB007EE88B /* Build configuration list for PBXProject "Viajapp" */ = {
			isa = XCConfigurationList;
			buildConfigurations = (
				7CAF0437260568BF007EE88B /* Debug */,
				7CAF0438260568BF007EE88B /* Release */,
			);
			defaultConfigurationIsVisible = 0;
			defaultConfigurationName = Release;
		};
		7CAF0439260568BF007EE88B /* Build configuration list for PBXNativeTarget "Viajapp" */ = {
			isa = XCConfigurationList;
			buildConfigurations = (
				7CAF043A260568BF007EE88B /* Debug */,
				7CAF043B260568BF007EE88B /* Release */,
			);
			defaultConfigurationIsVisible = 0;
			defaultConfigurationName = Release;
		};
/* End XCConfigurationList section */
	};
	rootObject = 7CAF041D260568BB007EE88B /* Project object */;
}
